
Microsoft Visual Studio Solution File, Format Version 11.00
# Visual Studio 2010
Project("{FAE04EC0-301F-11D3-BF4B-00C04F79EFBC}") = "Dom mne 2", "Assembly-CSharp.csproj", "{DEA2E5A0-CA3F-C365-CBCC-77F4B7C97B85}"
EndProject
Project("{FAE04EC0-301F-11D3-BF4B-00C04F79EFBC}") = "Dom mne 2", "Assembly-CSharp-Editor.csproj", "{858D9FEA-765A-4BB5-E24A-94307D5AC2CE}"
EndProject
Global
	GlobalSection(SolutionConfigurationPlatforms) = preSolution
		Debug|Any CPU = Debug|Any CPU
		Release|Any CPU = Release|Any CPU
	EndGlobalSection
	GlobalSection(ProjectConfigurationPlatforms) = postSolution
		{DEA2E5A0-CA3F-C365-CBCC-77F4B7C97B85}.Debug|Any CPU.ActiveCfg = Debug|Any CPU
		{DEA2E5A0-CA3F-C365-CBCC-77F4B7C97B85}.Debug|Any CPU.Build.0 = Debug|Any CPU
		{DEA2E5A0-CA3F-C365-CBCC-77F4B7C97B85}.Release|Any CPU.ActiveCfg = Release|Any CPU
		{DEA2E5A0-CA3F-C365-CBCC-77F4B7C97B85}.Release|Any CPU.Build.0 = Release|Any CPU
		{858D9FEA-765A-4BB5-E24A-94307D5AC2CE}.Debug|Any CPU.ActiveCfg = Debug|Any CPU
		{858D9FEA-765A-4BB5-E24A-94307D5AC2CE}.Debug|Any CPU.Build.0 = Debug|Any CPU
		{858D9FEA-765A-4BB5-E24A-94307D5AC2CE}.Release|Any CPU.ActiveCfg = Release|Any CPU
		{858D9FEA-765A-4BB5-E24A-94307D5AC2CE}.Release|Any CPU.Build.0 = Release|Any CPU
	EndGlobalSection
	GlobalSection(SolutionProperties) = preSolution
		HideSolutionNode = FALSE
	EndGlobalSection
	GlobalSection(MonoDevelopProperties) = preSolution
		StartupItem = Assembly-CSharp.csproj
	EndGlobalSection
EndGlobal
